
Microsoft Visual Studio Solution File, Format Version 12.00
# Visual Studio Version 17
VisualStudioVersion = 17.3.32901.215
MinimumVisualStudioVersion = 10.0.40219.1
Project("{9A19103F-16F7-4668-BE54-9A1E7A4F7556}") = "MLS.Domain", "MLS.Domain\MLS.Domain.csproj", "{1FF6E948-16C1-4AFA-A539-1993660E64D5}"
EndProject
Project("{9A19103F-16F7-4668-BE54-9A1E7A4F7556}") = "MLS.Application", "MLS.Application\MLS.Application.csproj", "{1429979B-AD42-4D00-A149-908F0D8D0846}"
EndProject
Project("{2150E333-8FDC-42A3-9474-1A3956D46DE8}") = "src", "src", "{B304B293-5A51-4B6B-BDBE-8C8DCA6FA34E}"
EndProject
Project("{9A19103F-16F7-4668-BE54-9A1E7A4F7556}") = "MLS.Infrastructure", "MLS.Infrastructure\MLS.Infrastructure.csproj", "{5AA78306-D6C7-4F63-BAB3-6CA9DF076C58}"
EndProject
Project("{9A19103F-16F7-4668-BE54-9A1E7A4F7556}") = "MLS.Contracts", "MLS.Contracts\MLS.Contracts.csproj", "{DF28E798-4812-4EC6-B855-E0A1827694FF}"
EndProject
Project("{9A19103F-16F7-4668-BE54-9A1E7A4F7556}") = "MLS.WebUI", "MLS.WebUI\MLS.WebUI.csproj", "{91E4E2F1-949F-477C-AB5A-150D58E10CDD}"
EndProject
Project("{2150E333-8FDC-42A3-9474-1A3956D46DE8}") = "Framework", "Framework", "{328A455E-50AE-41F7-8C8E-0994C18E965B}"
EndProject
Project("{9A19103F-16F7-4668-BE54-9A1E7A4F7556}") = "AppFramework", "Framework\AppFramework.csproj", "{39FC47BF-9FC3-4F71-B3EE-5AF53429C0F7}"
EndProject
Global
	GlobalSection(SolutionConfigurationPlatforms) = preSolution
		Debug|Any CPU = Debug|Any CPU
		Release|Any CPU = Release|Any CPU
	EndGlobalSection
	GlobalSection(ProjectConfigurationPlatforms) = postSolution
		{1FF6E948-16C1-4AFA-A539-1993660E64D5}.Debug|Any CPU.ActiveCfg = Debug|Any CPU
		{1FF6E948-16C1-4AFA-A539-1993660E64D5}.Debug|Any CPU.Build.0 = Debug|Any CPU
		{1FF6E948-16C1-4AFA-A539-1993660E64D5}.Release|Any CPU.ActiveCfg = Release|Any CPU
		{1FF6E948-16C1-4AFA-A539-1993660E64D5}.Release|Any CPU.Build.0 = Release|Any CPU
		{1429979B-AD42-4D00-A149-908F0D8D0846}.Debug|Any CPU.ActiveCfg = Debug|Any CPU
		{1429979B-AD42-4D00-A149-908F0D8D0846}.Debug|Any CPU.Build.0 = Debug|Any CPU
		{1429979B-AD42-4D00-A149-908F0D8D0846}.Release|Any CPU.ActiveCfg = Release|Any CPU
		{1429979B-AD42-4D00-A149-908F0D8D0846}.Release|Any CPU.Build.0 = Release|Any CPU
		{5AA78306-D6C7-4F63-BAB3-6CA9DF076C58}.Debug|Any CPU.ActiveCfg = Debug|Any CPU
		{5AA78306-D6C7-4F63-BAB3-6CA9DF076C58}.Debug|Any CPU.Build.0 = Debug|Any CPU
		{5AA78306-D6C7-4F63-BAB3-6CA9DF076C58}.Release|Any CPU.ActiveCfg = Release|Any CPU
		{5AA78306-D6C7-4F63-BAB3-6CA9DF076C58}.Release|Any CPU.Build.0 = Release|Any CPU
		{DF28E798-4812-4EC6-B855-E0A1827694FF}.Debug|Any CPU.ActiveCfg = Debug|Any CPU
		{DF28E798-4812-4EC6-B855-E0A1827694FF}.Debug|Any CPU.Build.0 = Debug|Any CPU
		{DF28E798-4812-4EC6-B855-E0A1827694FF}.Release|Any CPU.ActiveCfg = Release|Any CPU
		{DF28E798-4812-4EC6-B855-E0A1827694FF}.Release|Any CPU.Build.0 = Release|Any CPU
		{91E4E2F1-949F-477C-AB5A-150D58E10CDD}.Debug|Any CPU.ActiveCfg = Debug|Any CPU
		{91E4E2F1-949F-477C-AB5A-150D58E10CDD}.Debug|Any CPU.Build.0 = Debug|Any CPU
		{91E4E2F1-949F-477C-AB5A-150D58E10CDD}.Release|Any CPU.ActiveCfg = Release|Any CPU
		{91E4E2F1-949F-477C-AB5A-150D58E10CDD}.Release|Any CPU.Build.0 = Release|Any CPU
		{39FC47BF-9FC3-4F71-B3EE-5AF53429C0F7}.Debug|Any CPU.ActiveCfg = Debug|Any CPU
		{39FC47BF-9FC3-4F71-B3EE-5AF53429C0F7}.Debug|Any CPU.Build.0 = Debug|Any CPU
		{39FC47BF-9FC3-4F71-B3EE-5AF53429C0F7}.Release|Any CPU.ActiveCfg = Release|Any CPU
		{39FC47BF-9FC3-4F71-B3EE-5AF53429C0F7}.Release|Any CPU.Build.0 = Release|Any CPU
	EndGlobalSection
	GlobalSection(SolutionProperties) = preSolution
		HideSolutionNode = FALSE
	EndGlobalSection
	GlobalSection(NestedProjects) = preSolution
		{1FF6E948-16C1-4AFA-A539-1993660E64D5} = {B304B293-5A51-4B6B-BDBE-8C8DCA6FA34E}
		{1429979B-AD42-4D00-A149-908F0D8D0846} = {B304B293-5A51-4B6B-BDBE-8C8DCA6FA34E}
		{5AA78306-D6C7-4F63-BAB3-6CA9DF076C58} = {B304B293-5A51-4B6B-BDBE-8C8DCA6FA34E}
		{DF28E798-4812-4EC6-B855-E0A1827694FF} = {B304B293-5A51-4B6B-BDBE-8C8DCA6FA34E}
		{39FC47BF-9FC3-4F71-B3EE-5AF53429C0F7} = {328A455E-50AE-41F7-8C8E-0994C18E965B}
	EndGlobalSection
	GlobalSection(ExtensibilityGlobals) = postSolution
		SolutionGuid = {FA4969FA-2917-4CF8-ABB0-387DA0517C2A}
	EndGlobalSection
EndGlobal
