
Microsoft Visual Studio Solution File, Format Version 12.00
# Visual Studio Version 17
VisualStudioVersion = 17.3.32901.215
MinimumVisualStudioVersion = 10.0.40219.1
Project("{9A19103F-16F7-4668-BE54-9A1E7A4F7556}") = "MLS.UI.SiteUI", "MLS.UI.SiteUI\MLS.UI.SiteUI.csproj", "{719A9026-0905-42AD-B186-8C8031EE8273}"
EndProject
Project("{2150E333-8FDC-42A3-9474-1A3956D46DE8}") = "00.Framework", "00.Framework", "{96D02567-0595-49FE-9D1D-4EBABB8DD396}"
EndProject
Project("{9A19103F-16F7-4668-BE54-9A1E7A4F7556}") = "Framework", "00_Framework\Framework.csproj", "{76C635AF-2A8D-4EFA-9BAE-F36F6AE5C21E}"
EndProject
Project("{FAE04EC0-301F-11D3-BF4B-00C04F79EFBC}") = "MLS.Domain", "MLS.Domain\MLS.Domain.csproj", "{1FF6E948-16C1-4AFA-A539-1993660E64D5}"
EndProject
Project("{FAE04EC0-301F-11D3-BF4B-00C04F79EFBC}") = "MLS.Application", "MLS.Application\MLS.Application.csproj", "{1429979B-AD42-4D00-A149-908F0D8D0846}"
EndProject
Project("{2150E333-8FDC-42A3-9474-1A3956D46DE8}") = "src", "src", "{B304B293-5A51-4B6B-BDBE-8C8DCA6FA34E}"
EndProject
Project("{FAE04EC0-301F-11D3-BF4B-00C04F79EFBC}") = "MLS.Infrastructure", "MLS.Infrastructure\MLS.Infrastructure.csproj", "{5AA78306-D6C7-4F63-BAB3-6CA9DF076C58}"
EndProject
Project("{FAE04EC0-301F-11D3-BF4B-00C04F79EFBC}") = "MLS.Contracts", "MLS.Contracts\MLS.Contracts.csproj", "{DF28E798-4812-4EC6-B855-E0A1827694FF}"
EndProject
Global
	GlobalSection(SolutionConfigurationPlatforms) = preSolution
		Debug|Any CPU = Debug|Any CPU
		Release|Any CPU = Release|Any CPU
	EndGlobalSection
	GlobalSection(ProjectConfigurationPlatforms) = postSolution
		{719A9026-0905-42AD-B186-8C8031EE8273}.Debug|Any CPU.ActiveCfg = Debug|Any CPU
		{719A9026-0905-42AD-B186-8C8031EE8273}.Debug|Any CPU.Build.0 = Debug|Any CPU
		{719A9026-0905-42AD-B186-8C8031EE8273}.Release|Any CPU.ActiveCfg = Release|Any CPU
		{719A9026-0905-42AD-B186-8C8031EE8273}.Release|Any CPU.Build.0 = Release|Any CPU
		{76C635AF-2A8D-4EFA-9BAE-F36F6AE5C21E}.Debug|Any CPU.ActiveCfg = Debug|Any CPU
		{76C635AF-2A8D-4EFA-9BAE-F36F6AE5C21E}.Debug|Any CPU.Build.0 = Debug|Any CPU
		{76C635AF-2A8D-4EFA-9BAE-F36F6AE5C21E}.Release|Any CPU.ActiveCfg = Release|Any CPU
		{76C635AF-2A8D-4EFA-9BAE-F36F6AE5C21E}.Release|Any CPU.Build.0 = Release|Any CPU
		{1FF6E948-16C1-4AFA-A539-1993660E64D5}.Debug|Any CPU.ActiveCfg = Debug|Any CPU
		{1FF6E948-16C1-4AFA-A539-1993660E64D5}.Debug|Any CPU.Build.0 = Debug|Any CPU
		{1FF6E948-16C1-4AFA-A539-1993660E64D5}.Release|Any CPU.ActiveCfg = Release|Any CPU
		{1FF6E948-16C1-4AFA-A539-1993660E64D5}.Release|Any CPU.Build.0 = Release|Any CPU
		{1429979B-AD42-4D00-A149-908F0D8D0846}.Debug|Any CPU.ActiveCfg = Debug|Any CPU
		{1429979B-AD42-4D00-A149-908F0D8D0846}.Debug|Any CPU.Build.0 = Debug|Any CPU
		{1429979B-AD42-4D00-A149-908F0D8D0846}.Release|Any CPU.ActiveCfg = Release|Any CPU
		{1429979B-AD42-4D00-A149-908F0D8D0846}.Release|Any CPU.Build.0 = Release|Any CPU
		{5AA78306-D6C7-4F63-BAB3-6CA9DF076C58}.Debug|Any CPU.ActiveCfg = Debug|Any CPU
		{5AA78306-D6C7-4F63-BAB3-6CA9DF076C58}.Debug|Any CPU.Build.0 = Debug|Any CPU
		{5AA78306-D6C7-4F63-BAB3-6CA9DF076C58}.Release|Any CPU.ActiveCfg = Release|Any CPU
		{5AA78306-D6C7-4F63-BAB3-6CA9DF076C58}.Release|Any CPU.Build.0 = Release|Any CPU
		{DF28E798-4812-4EC6-B855-E0A1827694FF}.Debug|Any CPU.ActiveCfg = Debug|Any CPU
		{DF28E798-4812-4EC6-B855-E0A1827694FF}.Debug|Any CPU.Build.0 = Debug|Any CPU
		{DF28E798-4812-4EC6-B855-E0A1827694FF}.Release|Any CPU.ActiveCfg = Release|Any CPU
		{DF28E798-4812-4EC6-B855-E0A1827694FF}.Release|Any CPU.Build.0 = Release|Any CPU
	EndGlobalSection
	GlobalSection(SolutionProperties) = preSolution
		HideSolutionNode = FALSE
	EndGlobalSection
	GlobalSection(NestedProjects) = preSolution
		{719A9026-0905-42AD-B186-8C8031EE8273} = {B304B293-5A51-4B6B-BDBE-8C8DCA6FA34E}
		{76C635AF-2A8D-4EFA-9BAE-F36F6AE5C21E} = {96D02567-0595-49FE-9D1D-4EBABB8DD396}
		{1FF6E948-16C1-4AFA-A539-1993660E64D5} = {B304B293-5A51-4B6B-BDBE-8C8DCA6FA34E}
		{1429979B-AD42-4D00-A149-908F0D8D0846} = {B304B293-5A51-4B6B-BDBE-8C8DCA6FA34E}
		{5AA78306-D6C7-4F63-BAB3-6CA9DF076C58} = {B304B293-5A51-4B6B-BDBE-8C8DCA6FA34E}
		{DF28E798-4812-4EC6-B855-E0A1827694FF} = {B304B293-5A51-4B6B-BDBE-8C8DCA6FA34E}
	EndGlobalSection
	GlobalSection(ExtensibilityGlobals) = postSolution
		SolutionGuid = {FA4969FA-2917-4CF8-ABB0-387DA0517C2A}
	EndGlobalSection
EndGlobal
