
Microsoft Visual Studio Solution File, Format Version 12.00
# Visual Studio Version 17
VisualStudioVersion = 17.3.32901.215
MinimumVisualStudioVersion = 10.0.40219.1
Project("{2150E333-8FDC-42A3-9474-1A3956D46DE8}") = "src", "src", "{B304B293-5A51-4B6B-BDBE-8C8DCA6FA34E}"
EndProject
Project("{9A19103F-16F7-4668-BE54-9A1E7A4F7556}") = "MLS.WebUI", "MLS.WebUI\MLS.WebUI.csproj", "{91E4E2F1-949F-477C-AB5A-150D58E10CDD}"
EndProject
Project("{2150E333-8FDC-42A3-9474-1A3956D46DE8}") = "Framework", "Framework", "{328A455E-50AE-41F7-8C8E-0994C18E965B}"
EndProject
Project("{9A19103F-16F7-4668-BE54-9A1E7A4F7556}") = "AppFramework", "Framework\AppFramework.csproj", "{39FC47BF-9FC3-4F71-B3EE-5AF53429C0F7}"
EndProject
Project("{2150E333-8FDC-42A3-9474-1A3956D46DE8}") = "Common", "Common", "{7E37F3C4-2E5C-4E89-8C1A-14E006147D27}"
EndProject
Project("{2150E333-8FDC-42A3-9474-1A3956D46DE8}") = "Core", "Core", "{40873B68-FCEC-4572-99E8-5EF49C2A7F47}"
EndProject
Project("{2150E333-8FDC-42A3-9474-1A3956D46DE8}") = "Infrastructure", "Infrastructure", "{E1D63519-FF0E-4F75-886F-AAD55B35AD7C}"
EndProject
Project("{2150E333-8FDC-42A3-9474-1A3956D46DE8}") = "Presentation", "Presentation", "{D07C7297-5863-4279-8AA7-E5716D73A5EE}"
EndProject
Project("{9A19103F-16F7-4668-BE54-9A1E7A4F7556}") = "OLS.Common", "OLS.Common\OLS.Common.csproj", "{090883E8-F9CF-4434-A915-AA0FEAE43A39}"
EndProject
Project("{9A19103F-16F7-4668-BE54-9A1E7A4F7556}") = "OLS.Domain.Services", "OLS.Domain.Services\OLS.Domain.Services.csproj", "{71A47615-6091-4EA6-B0AB-57C116C29D14}"
EndProject
Project("{9A19103F-16F7-4668-BE54-9A1E7A4F7556}") = "OLS.Domain.Contracts", "OLS.Domain.Contracts\OLS.Domain.Contracts.csproj", "{F935C0E9-E828-4D2B-BA24-522130B08E6D}"
EndProject
Project("{9A19103F-16F7-4668-BE54-9A1E7A4F7556}") = "OLS.Domain.Entities", "OLS.Domain.Entities\OLS.Domain.Entities.csproj", "{3E2ABE3E-D503-4449-A266-4BCB86A74E04}"
EndProject
Project("{9A19103F-16F7-4668-BE54-9A1E7A4F7556}") = "OLS.Persistance", "OLS.Persistance\OLS.Persistance.csproj", "{94BCDF1D-93D6-4C4A-835B-996116BC31C7}"
EndProject
Global
	GlobalSection(SolutionConfigurationPlatforms) = preSolution
		Debug|Any CPU = Debug|Any CPU
		Release|Any CPU = Release|Any CPU
	EndGlobalSection
	GlobalSection(ProjectConfigurationPlatforms) = postSolution
		{91E4E2F1-949F-477C-AB5A-150D58E10CDD}.Debug|Any CPU.ActiveCfg = Debug|Any CPU
		{91E4E2F1-949F-477C-AB5A-150D58E10CDD}.Debug|Any CPU.Build.0 = Debug|Any CPU
		{91E4E2F1-949F-477C-AB5A-150D58E10CDD}.Release|Any CPU.ActiveCfg = Release|Any CPU
		{91E4E2F1-949F-477C-AB5A-150D58E10CDD}.Release|Any CPU.Build.0 = Release|Any CPU
		{39FC47BF-9FC3-4F71-B3EE-5AF53429C0F7}.Debug|Any CPU.ActiveCfg = Debug|Any CPU
		{39FC47BF-9FC3-4F71-B3EE-5AF53429C0F7}.Debug|Any CPU.Build.0 = Debug|Any CPU
		{39FC47BF-9FC3-4F71-B3EE-5AF53429C0F7}.Release|Any CPU.ActiveCfg = Release|Any CPU
		{39FC47BF-9FC3-4F71-B3EE-5AF53429C0F7}.Release|Any CPU.Build.0 = Release|Any CPU
		{090883E8-F9CF-4434-A915-AA0FEAE43A39}.Debug|Any CPU.ActiveCfg = Debug|Any CPU
		{090883E8-F9CF-4434-A915-AA0FEAE43A39}.Debug|Any CPU.Build.0 = Debug|Any CPU
		{090883E8-F9CF-4434-A915-AA0FEAE43A39}.Release|Any CPU.ActiveCfg = Release|Any CPU
		{090883E8-F9CF-4434-A915-AA0FEAE43A39}.Release|Any CPU.Build.0 = Release|Any CPU
		{71A47615-6091-4EA6-B0AB-57C116C29D14}.Debug|Any CPU.ActiveCfg = Debug|Any CPU
		{71A47615-6091-4EA6-B0AB-57C116C29D14}.Debug|Any CPU.Build.0 = Debug|Any CPU
		{71A47615-6091-4EA6-B0AB-57C116C29D14}.Release|Any CPU.ActiveCfg = Release|Any CPU
		{71A47615-6091-4EA6-B0AB-57C116C29D14}.Release|Any CPU.Build.0 = Release|Any CPU
		{F935C0E9-E828-4D2B-BA24-522130B08E6D}.Debug|Any CPU.ActiveCfg = Debug|Any CPU
		{F935C0E9-E828-4D2B-BA24-522130B08E6D}.Debug|Any CPU.Build.0 = Debug|Any CPU
		{F935C0E9-E828-4D2B-BA24-522130B08E6D}.Release|Any CPU.ActiveCfg = Release|Any CPU
		{F935C0E9-E828-4D2B-BA24-522130B08E6D}.Release|Any CPU.Build.0 = Release|Any CPU
		{3E2ABE3E-D503-4449-A266-4BCB86A74E04}.Debug|Any CPU.ActiveCfg = Debug|Any CPU
		{3E2ABE3E-D503-4449-A266-4BCB86A74E04}.Debug|Any CPU.Build.0 = Debug|Any CPU
		{3E2ABE3E-D503-4449-A266-4BCB86A74E04}.Release|Any CPU.ActiveCfg = Release|Any CPU
		{3E2ABE3E-D503-4449-A266-4BCB86A74E04}.Release|Any CPU.Build.0 = Release|Any CPU
		{94BCDF1D-93D6-4C4A-835B-996116BC31C7}.Debug|Any CPU.ActiveCfg = Debug|Any CPU
		{94BCDF1D-93D6-4C4A-835B-996116BC31C7}.Debug|Any CPU.Build.0 = Debug|Any CPU
		{94BCDF1D-93D6-4C4A-835B-996116BC31C7}.Release|Any CPU.ActiveCfg = Release|Any CPU
		{94BCDF1D-93D6-4C4A-835B-996116BC31C7}.Release|Any CPU.Build.0 = Release|Any CPU
	EndGlobalSection
	GlobalSection(SolutionProperties) = preSolution
		HideSolutionNode = FALSE
	EndGlobalSection
	GlobalSection(NestedProjects) = preSolution
		{39FC47BF-9FC3-4F71-B3EE-5AF53429C0F7} = {328A455E-50AE-41F7-8C8E-0994C18E965B}
		{7E37F3C4-2E5C-4E89-8C1A-14E006147D27} = {B304B293-5A51-4B6B-BDBE-8C8DCA6FA34E}
		{40873B68-FCEC-4572-99E8-5EF49C2A7F47} = {B304B293-5A51-4B6B-BDBE-8C8DCA6FA34E}
		{E1D63519-FF0E-4F75-886F-AAD55B35AD7C} = {B304B293-5A51-4B6B-BDBE-8C8DCA6FA34E}
		{D07C7297-5863-4279-8AA7-E5716D73A5EE} = {B304B293-5A51-4B6B-BDBE-8C8DCA6FA34E}
		{090883E8-F9CF-4434-A915-AA0FEAE43A39} = {7E37F3C4-2E5C-4E89-8C1A-14E006147D27}
		{71A47615-6091-4EA6-B0AB-57C116C29D14} = {40873B68-FCEC-4572-99E8-5EF49C2A7F47}
		{F935C0E9-E828-4D2B-BA24-522130B08E6D} = {40873B68-FCEC-4572-99E8-5EF49C2A7F47}
		{3E2ABE3E-D503-4449-A266-4BCB86A74E04} = {40873B68-FCEC-4572-99E8-5EF49C2A7F47}
		{94BCDF1D-93D6-4C4A-835B-996116BC31C7} = {E1D63519-FF0E-4F75-886F-AAD55B35AD7C}
	EndGlobalSection
	GlobalSection(ExtensibilityGlobals) = postSolution
		SolutionGuid = {FA4969FA-2917-4CF8-ABB0-387DA0517C2A}
	EndGlobalSection
EndGlobal
